// !$*UTF8*$!
{
	archiveVersion = 1;
	classes = {
	};
	objectVersion = 46;
	objects = {

/* Begin PBXBuildFile section */
		5E774C121AF902C0009FFCFE /* AppDelegate.swift in Sources */ = {isa = PBXBuildFile; fileRef = 5E774C111AF902C0009FFCFE /* AppDelegate.swift */; };
		5E774C141AF902C0009FFCFE /* GameScene.sks in Resources */ = {isa = PBXBuildFile; fileRef = 5E774C131AF902C0009FFCFE /* GameScene.sks */; };
		5E774C161AF902C0009FFCFE /* GameScene.swift in Sources */ = {isa = PBXBuildFile; fileRef = 5E774C151AF902C0009FFCFE /* GameScene.swift */; };
		5E774C181AF902C0009FFCFE /* GameViewController.swift in Sources */ = {isa = PBXBuildFile; fileRef = 5E774C171AF902C0009FFCFE /* GameViewController.swift */; };
		5E774C1B1AF902C0009FFCFE /* Main.storyboard in Resources */ = {isa = PBXBuildFile; fileRef = 5E774C191AF902C0009FFCFE /* Main.storyboard */; };
		5E774C1D1AF902C0009FFCFE /* Images.xcassets in Resources */ = {isa = PBXBuildFile; fileRef = 5E774C1C1AF902C0009FFCFE /* Images.xcassets */; };
		5E774C201AF902C0009FFCFE /* LaunchScreen.xib in Resources */ = {isa = PBXBuildFile; fileRef = 5E774C1E1AF902C0009FFCFE /* LaunchScreen.xib */; };
		5E774C2C1AF902C0009FFCFE /* BreakoutTests.swift in Sources */ = {isa = PBXBuildFile; fileRef = 5E774C2B1AF902C0009FFCFE /* BreakoutTests.swift */; };
		5EDB8E541AF9CC5E009F4BDA /* GameOverScene.sks in Resources */ = {isa = PBXBuildFile; fileRef = 5EDB8E531AF9CC5E009F4BDA /* GameOverScene.sks */; };
		5EDB8E561AF9CE73009F4BDA /* GameOverScene.swift in Sources */ = {isa = PBXBuildFile; fileRef = 5EDB8E551AF9CE73009F4BDA /* GameOverScene.swift */; };
/* End PBXBuildFile section */

/* Begin PBXContainerItemProxy section */
		5E774C261AF902C0009FFCFE /* PBXContainerItemProxy */ = {
			isa = PBXContainerItemProxy;
			containerPortal = 5E774C041AF902C0009FFCFE /* Project object */;
			proxyType = 1;
			remoteGlobalIDString = 5E774C0B1AF902C0009FFCFE;
			remoteInfo = Breakout;
		};
/* End PBXContainerItemProxy section */

/* Begin PBXFileReference section */
		5E774C0C1AF902C0009FFCFE /* Breakout.app */ = {isa = PBXFileReference; explicitFileType = wrapper.application; includeInIndex = 0; path = Breakout.app; sourceTree = BUILT_PRODUCTS_DIR; };
		5E774C101AF902C0009FFCFE /* Info.plist */ = {isa = PBXFileReference; lastKnownFileType = text.plist.xml; path = Info.plist; sourceTree = "<group>"; };
		5E774C111AF902C0009FFCFE /* AppDelegate.swift */ = {isa = PBXFileReference; lastKnownFileType = sourcecode.swift; path = AppDelegate.swift; sourceTree = "<group>"; };
		5E774C131AF902C0009FFCFE /* GameScene.sks */ = {isa = PBXFileReference; lastKnownFileType = file.sks; path = GameScene.sks; sourceTree = "<group>"; };
		5E774C151AF902C0009FFCFE /* GameScene.swift */ = {isa = PBXFileReference; lastKnownFileType = sourcecode.swift; path = GameScene.swift; sourceTree = "<group>"; };
		5E774C171AF902C0009FFCFE /* GameViewController.swift */ = {isa = PBXFileReference; lastKnownFileType = sourcecode.swift; path = GameViewController.swift; sourceTree = "<group>"; };
		5E774C1A1AF902C0009FFCFE /* Base */ = {isa = PBXFileReference; lastKnownFileType = file.storyboard; name = Base; path = Base.lproj/Main.storyboard; sourceTree = "<group>"; };
		5E774C1C1AF902C0009FFCFE /* Images.xcassets */ = {isa = PBXFileReference; lastKnownFileType = folder.assetcatalog; path = Images.xcassets; sourceTree = "<group>"; };
		5E774C1F1AF902C0009FFCFE /* Base */ = {isa = PBXFileReference; lastKnownFileType = file.xib; name = Base; path = Base.lproj/LaunchScreen.xib; sourceTree = "<group>"; };
		5E774C251AF902C0009FFCFE /* BreakoutTests.xctest */ = {isa = PBXFileReference; explicitFileType = wrapper.cfbundle; includeInIndex = 0; path = BreakoutTests.xctest; sourceTree = BUILT_PRODUCTS_DIR; };
		5E774C2A1AF902C0009FFCFE /* Info.plist */ = {isa = PBXFileReference; lastKnownFileType = text.plist.xml; path = Info.plist; sourceTree = "<group>"; };
		5E774C2B1AF902C0009FFCFE /* BreakoutTests.swift */ = {isa = PBXFileReference; lastKnownFileType = sourcecode.swift; path = BreakoutTests.swift; sourceTree = "<group>"; };
		5EDB8E531AF9CC5E009F4BDA /* GameOverScene.sks */ = {isa = PBXFileReference; lastKnownFileType = file.sks; name = GameOverScene.sks; path = ../GameOverScene.sks; sourceTree = "<group>"; };
		5EDB8E551AF9CE73009F4BDA /* GameOverScene.swift */ = {isa = PBXFileReference; fileEncoding = 4; lastKnownFileType = sourcecode.swift; name = GameOverScene.swift; path = ../GameOverScene.swift; sourceTree = "<group>"; };
/* End PBXFileReference section */

/* Begin PBXFrameworksBuildPhase section */
		5E774C091AF902C0009FFCFE /* Frameworks */ = {
			isa = PBXFrameworksBuildPhase;
			buildActionMask = 2147483647;
			files = (
			);
			runOnlyForDeploymentPostprocessing = 0;
		};
		5E774C221AF902C0009FFCFE /* Frameworks */ = {
			isa = PBXFrameworksBuildPhase;
			buildActionMask = 2147483647;
			files = (
			);
			runOnlyForDeploymentPostprocessing = 0;
		};
/* End PBXFrameworksBuildPhase section */

/* Begin PBXGroup section */
		5E774C031AF902C0009FFCFE = {
			isa = PBXGroup;
			children = (
				5E774C0E1AF902C0009FFCFE /* Breakout */,
				5E774C281AF902C0009FFCFE /* BreakoutTests */,
				5E774C0D1AF902C0009FFCFE /* Products */,
			);
			sourceTree = "<group>";
		};
		5E774C0D1AF902C0009FFCFE /* Products */ = {
			isa = PBXGroup;
			children = (
				5E774C0C1AF902C0009FFCFE /* Breakout.app */,
				5E774C251AF902C0009FFCFE /* BreakoutTests.xctest */,
			);
			name = Products;
			sourceTree = "<group>";
		};
		5E774C0E1AF902C0009FFCFE /* Breakout */ = {
			isa = PBXGroup;
			children = (
				5E774C111AF902C0009FFCFE /* AppDelegate.swift */,
				5EDB8E531AF9CC5E009F4BDA /* GameOverScene.sks */,
				5EDB8E551AF9CE73009F4BDA /* GameOverScene.swift */,
				5E774C131AF902C0009FFCFE /* GameScene.sks */,
				5E774C151AF902C0009FFCFE /* GameScene.swift */,
				5E774C171AF902C0009FFCFE /* GameViewController.swift */,
				5E774C191AF902C0009FFCFE /* Main.storyboard */,
				5E774C1C1AF902C0009FFCFE /* Images.xcassets */,
				5E774C1E1AF902C0009FFCFE /* LaunchScreen.xib */,
				5E774C0F1AF902C0009FFCFE /* Supporting Files */,
			);
			path = Breakout;
			sourceTree = "<group>";
		};
		5E774C0F1AF902C0009FFCFE /* Supporting Files */ = {
			isa = PBXGroup;
			children = (
				5E774C101AF902C0009FFCFE /* Info.plist */,
			);
			name = "Supporting Files";
			sourceTree = "<group>";
		};
		5E774C281AF902C0009FFCFE /* BreakoutTests */ = {
			isa = PBXGroup;
			children = (
				5E774C2B1AF902C0009FFCFE /* BreakoutTests.swift */,
				5E774C291AF902C0009FFCFE /* Supporting Files */,
			);
			path = BreakoutTests;
			sourceTree = "<group>";
		};
		5E774C291AF902C0009FFCFE /* Supporting Files */ = {
			isa = PBXGroup;
			children = (
				5E774C2A1AF902C0009FFCFE /* Info.plist */,
			);
			name = "Supporting Files";
			sourceTree = "<group>";
		};
/* End PBXGroup section */

/* Begin PBXNativeTarget section */
		5E774C0B1AF902C0009FFCFE /* Breakout */ = {
			isa = PBXNativeTarget;
			buildConfigurationList = 5E774C2F1AF902C0009FFCFE /* Build configuration list for PBXNativeTarget "Breakout" */;
			buildPhases = (
				5E774C081AF902C0009FFCFE /* Sources */,
				5E774C091AF902C0009FFCFE /* Frameworks */,
				5E774C0A1AF902C0009FFCFE /* Resources */,
			);
			buildRules = (
			);
			dependencies = (
			);
			name = Breakout;
			productName = Breakout;
			productReference = 5E774C0C1AF902C0009FFCFE /* Breakout.app */;
			productType = "com.apple.product-type.application";
		};
		5E774C241AF902C0009FFCFE /* BreakoutTests */ = {
			isa = PBXNativeTarget;
			buildConfigurationList = 5E774C321AF902C0009FFCFE /* Build configuration list for PBXNativeTarget "BreakoutTests" */;
			buildPhases = (
				5E774C211AF902C0009FFCFE /* Sources */,
				5E774C221AF902C0009FFCFE /* Frameworks */,
				5E774C231AF902C0009FFCFE /* Resources */,
			);
			buildRules = (
			);
			dependencies = (
				5E774C271AF902C0009FFCFE /* PBXTargetDependency */,
			);
			name = BreakoutTests;
			productName = BreakoutTests;
			productReference = 5E774C251AF902C0009FFCFE /* BreakoutTests.xctest */;
			productType = "com.apple.product-type.bundle.unit-test";
		};
/* End PBXNativeTarget section */

/* Begin PBXProject section */
		5E774C041AF902C0009FFCFE /* Project object */ = {
			isa = PBXProject;
			attributes = {
				LastUpgradeCheck = 0630;
				ORGANIZATIONNAME = "Gabriel Alberto";
				TargetAttributes = {
					5E774C0B1AF902C0009FFCFE = {
						CreatedOnToolsVersion = 6.3;
					};
					5E774C241AF902C0009FFCFE = {
						CreatedOnToolsVersion = 6.3;
						TestTargetID = 5E774C0B1AF902C0009FFCFE;
					};
				};
			};
			buildConfigurationList = 5E774C071AF902C0009FFCFE /* Build configuration list for PBXProject "Breakout" */;
			compatibilityVersion = "Xcode 3.2";
			developmentRegion = English;
			hasScannedForEncodings = 0;
			knownRegions = (
				en,
				Base,
			);
			mainGroup = 5E774C031AF902C0009FFCFE;
			productRefGroup = 5E774C0D1AF902C0009FFCFE /* Products */;
			projectDirPath = "";
			projectRoot = "";
			targets = (
				5E774C0B1AF902C0009FFCFE /* Breakout */,
				5E774C241AF902C0009FFCFE /* BreakoutTests */,
			);
		};
/* End PBXProject section */

/* Begin PBXResourcesBuildPhase section */
		5E774C0A1AF902C0009FFCFE /* Resources */ = {
			isa = PBXResourcesBuildPhase;
			buildActionMask = 2147483647;
			files = (
				5E774C201AF902C0009FFCFE /* LaunchScreen.xib in Resources */,
				5E774C1D1AF902C0009FFCFE /* Images.xcassets in Resources */,
				5E774C141AF902C0009FFCFE /* GameScene.sks in Resources */,
				5EDB8E541AF9CC5E009F4BDA /* GameOverScene.sks in Resources */,
				5E774C1B1AF902C0009FFCFE /* Main.storyboard in Resources */,
			);
			runOnlyForDeploymentPostprocessing = 0;
		};
		5E774C231AF902C0009FFCFE /* Resources */ = {
			isa = PBXResourcesBuildPhase;
			buildActionMask = 2147483647;
			files = (
			);
			runOnlyForDeploymentPostprocessing = 0;
		};
/* End PBXResourcesBuildPhase section */

/* Begin PBXSourcesBuildPhase section */
		5E774C081AF902C0009FFCFE /* Sources */ = {
			isa = PBXSourcesBuildPhase;
			buildActionMask = 2147483647;
			files = (
				5E774C161AF902C0009FFCFE /* GameScene.swift in Sources */,
				5E774C181AF902C0009FFCFE /* GameViewController.swift in Sources */,
				5EDB8E561AF9CE73009F4BDA /* GameOverScene.swift in Sources */,
				5E774C121AF902C0009FFCFE /* AppDelegate.swift in Sources */,
			);
			runOnlyForDeploymentPostprocessing = 0;
		};
		5E774C211AF902C0009FFCFE /* Sources */ = {
			isa = PBXSourcesBuildPhase;
			buildActionMask = 2147483647;
			files = (
				5E774C2C1AF902C0009FFCFE /* BreakoutTests.swift in Sources */,
			);
			runOnlyForDeploymentPostprocessing = 0;
		};
/* End PBXSourcesBuildPhase section */

/* Begin PBXTargetDependency section */
		5E774C271AF902C0009FFCFE /* PBXTargetDependency */ = {
			isa = PBXTargetDependency;
			target = 5E774C0B1AF902C0009FFCFE /* Breakout */;
			targetProxy = 5E774C261AF902C0009FFCFE /* PBXContainerItemProxy */;
		};
/* End PBXTargetDependency section */

/* Begin PBXVariantGroup section */
		5E774C191AF902C0009FFCFE /* Main.storyboard */ = {
			isa = PBXVariantGroup;
			children = (
				5E774C1A1AF902C0009FFCFE /* Base */,
			);
			name = Main.storyboard;
			sourceTree = "<group>";
		};
		5E774C1E1AF902C0009FFCFE /* LaunchScreen.xib */ = {
			isa = PBXVariantGroup;
			children = (
				5E774C1F1AF902C0009FFCFE /* Base */,
			);
			name = LaunchScreen.xib;
			sourceTree = "<group>";
		};
/* End PBXVariantGroup section */

/* Begin XCBuildConfiguration section */
		5E774C2D1AF902C0009FFCFE /* Debug */ = {
			isa = XCBuildConfiguration;
			buildSettings = {
				ALWAYS_SEARCH_USER_PATHS = NO;
				CLANG_CXX_LANGUAGE_STANDARD = "gnu++0x";
				CLANG_CXX_LIBRARY = "libc++";
				CLANG_ENABLE_MODULES = YES;
				CLANG_ENABLE_OBJC_ARC = YES;
				CLANG_WARN_BOOL_CONVERSION = YES;
				CLANG_WARN_CONSTANT_CONVERSION = YES;
				CLANG_WARN_DIRECT_OBJC_ISA_USAGE = YES_ERROR;
				CLANG_WARN_EMPTY_BODY = YES;
				CLANG_WARN_ENUM_CONVERSION = YES;
				CLANG_WARN_INT_CONVERSION = YES;
				CLANG_WARN_OBJC_ROOT_CLASS = YES_ERROR;
				CLANG_WARN_UNREACHABLE_CODE = YES;
				CLANG_WARN__DUPLICATE_METHOD_MATCH = YES;
				"CODE_SIGN_IDENTITY[sdk=iphoneos*]" = "iPhone Developer";
				COPY_PHASE_STRIP = NO;
				DEBUG_INFORMATION_FORMAT = "dwarf-with-dsym";
				ENABLE_STRICT_OBJC_MSGSEND = YES;
				GCC_C_LANGUAGE_STANDARD = gnu99;
				GCC_DYNAMIC_NO_PIC = NO;
				GCC_NO_COMMON_BLOCKS = YES;
				GCC_OPTIMIZATION_LEVEL = 0;
				GCC_PREPROCESSOR_DEFINITIONS = (
					"DEBUG=1",
					"$(inherited)",
				);
				GCC_SYMBOLS_PRIVATE_EXTERN = NO;
				GCC_WARN_64_TO_32_BIT_CONVERSION = YES;
				GCC_WARN_ABOUT_RETURN_TYPE = YES_ERROR;
				GCC_WARN_UNDECLARED_SELECTOR = YES;
				GCC_WARN_UNINITIALIZED_AUTOS = YES_AGGRESSIVE;
				GCC_WARN_UNUSED_FUNCTION = YES;
				GCC_WARN_UNUSED_VARIABLE = YES;
				IPHONEOS_DEPLOYMENT_TARGET = 8.3;
				MTL_ENABLE_DEBUG_INFO = YES;
				ONLY_ACTIVE_ARCH = YES;
				SDKROOT = iphoneos;
				SWIFT_OPTIMIZATION_LEVEL = "-Onone";
				TARGETED_DEVICE_FAMILY = "1,2";
			};
			name = Debug;
		};
		5E774C2E1AF902C0009FFCFE /* Release */ = {
			isa = XCBuildConfiguration;
			buildSettings = {
				ALWAYS_SEARCH_USER_PATHS = NO;
				CLANG_CXX_LANGUAGE_STANDARD = "gnu++0x";
				CLANG_CXX_LIBRARY = "libc++";
				CLANG_ENABLE_MODULES = YES;
				CLANG_ENABLE_OBJC_ARC = YES;
				CLANG_WARN_BOOL_CONVERSION = YES;
				CLANG_WARN_CONSTANT_CONVERSION = YES;
				CLANG_WARN_DIRECT_OBJC_ISA_USAGE = YES_ERROR;
				CLANG_WARN_EMPTY_BODY = YES;
				CLANG_WARN_ENUM_CONVERSION = YES;
				CLANG_WARN_INT_CONVERSION = YES;
				CLANG_WARN_OBJC_ROOT_CLASS = YES_ERROR;
				CLANG_WARN_UNREACHABLE_CODE = YES;
				CLANG_WARN__DUPLICATE_METHOD_MATCH = YES;
				"CODE_SIGN_IDENTITY[sdk=iphoneos*]" = "iPhone Developer";
				COPY_PHASE_STRIP = NO;
				DEBUG_INFORMATION_FORMAT = "dwarf-with-dsym";
				ENABLE_NS_ASSERTIONS = NO;
				ENABLE_STRICT_OBJC_MSGSEND = YES;
				GCC_C_LANGUAGE_STANDARD = gnu99;
				GCC_NO_COMMON_BLOCKS = YES;
				GCC_WARN_64_TO_32_BIT_CONVERSION = YES;
				GCC_WARN_ABOUT_RETURN_TYPE = YES_ERROR;
				GCC_WARN_UNDECLARED_SELECTOR = YES;
				GCC_WARN_UNINITIALIZED_AUTOS = YES_AGGRESSIVE;
				GCC_WARN_UNUSED_FUNCTION = YES;
				GCC_WARN_UNUSED_VARIABLE = YES;
				IPHONEOS_DEPLOYMENT_TARGET = 8.3;
				MTL_ENABLE_DEBUG_INFO = NO;
				SDKROOT = iphoneos;
				TARGETED_DEVICE_FAMILY = "1,2";
				VALIDATE_PRODUCT = YES;
			};
			name = Release;
		};
		5E774C301AF902C0009FFCFE /* Debug */ = {
			isa = XCBuildConfiguration;
			buildSettings = {
				ASSETCATALOG_COMPILER_APPICON_NAME = AppIcon;
				INFOPLIST_FILE = Breakout/Info.plist;
				LD_RUNPATH_SEARCH_PATHS = "$(inherited) @executable_path/Frameworks";
				PRODUCT_NAME = "$(TARGET_NAME)";
			};
			name = Debug;
		};
		5E774C311AF902C0009FFCFE /* Release */ = {
			isa = XCBuildConfiguration;
			buildSettings = {
				ASSETCATALOG_COMPILER_APPICON_NAME = AppIcon;
				INFOPLIST_FILE = Breakout/Info.plist;
				LD_RUNPATH_SEARCH_PATHS = "$(inherited) @executable_path/Frameworks";
				PRODUCT_NAME = "$(TARGET_NAME)";
			};
			name = Release;
		};
		5E774C331AF902C0009FFCFE /* Debug */ = {
			isa = XCBuildConfiguration;
			buildSettings = {
				BUNDLE_LOADER = "$(TEST_HOST)";
				FRAMEWORK_SEARCH_PATHS = (
					"$(SDKROOT)/Developer/Library/Frameworks",
					"$(inherited)",
				);
				GCC_PREPROCESSOR_DEFINITIONS = (
					"DEBUG=1",
					"$(inherited)",
				);
				INFOPLIST_FILE = BreakoutTests/Info.plist;
				LD_RUNPATH_SEARCH_PATHS = "$(inherited) @executable_path/Frameworks @loader_path/Frameworks";
				PRODUCT_NAME = "$(TARGET_NAME)";
				TEST_HOST = "$(BUILT_PRODUCTS_DIR)/Breakout.app/Breakout";
			};
			name = Debug;
		};
		5E774C341AF902C0009FFCFE /* Release */ = {
			isa = XCBuildConfiguration;
			buildSettings = {
				BUNDLE_LOADER = "$(TEST_HOST)";
				FRAMEWORK_SEARCH_PATHS = (
					"$(SDKROOT)/Developer/Library/Frameworks",
					"$(inherited)",
				);
				INFOPLIST_FILE = BreakoutTests/Info.plist;
				LD_RUNPATH_SEARCH_PATHS = "$(inherited) @executable_path/Frameworks @loader_path/Frameworks";
				PRODUCT_NAME = "$(TARGET_NAME)";
				TEST_HOST = "$(BUILT_PRODUCTS_DIR)/Breakout.app/Breakout";
			};
			name = Release;
		};
/* End XCBuildConfiguration section */

/* Begin XCConfigurationList section */
		5E774C071AF902C0009FFCFE /* Build configuration list for PBXProject "Breakout" */ = {
			isa = XCConfigurationList;
			buildConfigurations = (
				5E774C2D1AF902C0009FFCFE /* Debug */,
				5E774C2E1AF902C0009FFCFE /* Release */,
			);
			defaultConfigurationIsVisible = 0;
			defaultConfigurationName = Release;
		};
		5E774C2F1AF902C0009FFCFE /* Build configuration list for PBXNativeTarget "Breakout" */ = {
			isa = XCConfigurationList;
			buildConfigurations = (
				5E774C301AF902C0009FFCFE /* Debug */,
				5E774C311AF902C0009FFCFE /* Release */,
			);
			defaultConfigurationIsVisible = 0;
			defaultConfigurationName = Release;
		};
		5E774C321AF902C0009FFCFE /* Build configuration list for PBXNativeTarget "BreakoutTests" */ = {
			isa = XCConfigurationList;
			buildConfigurations = (
				5E774C331AF902C0009FFCFE /* Debug */,
				5E774C341AF902C0009FFCFE /* Release */,
			);
			defaultConfigurationIsVisible = 0;
			defaultConfigurationName = Release;
		};
/* End XCConfigurationList section */
	};
	rootObject = 5E774C041AF902C0009FFCFE /* Project object */;
}
